// !$*UTF8*$!
{
	archiveVersion = 1;
	classes = {
	};
	objectVersion = 56;
	objects = {

/* Begin PBXBuildFile section */
		5F45E67A29E8082E00D151DE /* CustomHeaderView.swift in Sources */ = {isa = PBXBuildFile; fileRef = 5F45E67929E8082E00D151DE /* CustomHeaderView.swift */; };
		5F45E67C29E80C4100D151DE /* HeaderCollectionViewCell.swift in Sources */ = {isa = PBXBuildFile; fileRef = 5F45E67B29E80C4100D151DE /* HeaderCollectionViewCell.swift */; };
		5F45E67F29E8126B00D151DE /* APIConstants.swift in Sources */ = {isa = PBXBuildFile; fileRef = 5F45E67E29E8126B00D151DE /* APIConstants.swift */; };
		5F45E68229E83B5500D151DE /* SDWebImage in Frameworks */ = {isa = PBXBuildFile; productRef = 5F45E68129E83B5500D151DE /* SDWebImage */; };
		5F45E68429E83B5500D151DE /* SDWebImageMapKit in Frameworks */ = {isa = PBXBuildFile; productRef = 5F45E68329E83B5500D151DE /* SDWebImageMapKit */; };
		5F45E68729E8AE0600D151DE /* APICaller.swift in Sources */ = {isa = PBXBuildFile; fileRef = 5F45E68629E8AE0600D151DE /* APICaller.swift */; };
		5FB14C3A29ED943800C096D1 /* RecipesListDetailedViewController.swift in Sources */ = {isa = PBXBuildFile; fileRef = 5FB14C3929ED943800C096D1 /* RecipesListDetailedViewController.swift */; };
		5FB14C3C29ED944F00C096D1 /* RecipesListDetailedInteractor.swift in Sources */ = {isa = PBXBuildFile; fileRef = 5FB14C3B29ED944F00C096D1 /* RecipesListDetailedInteractor.swift */; };
		5FB14C3E29ED945D00C096D1 /* RecipesListDetailedPresenter.swift in Sources */ = {isa = PBXBuildFile; fileRef = 5FB14C3D29ED945D00C096D1 /* RecipesListDetailedPresenter.swift */; };
		5FB14C4029ED946A00C096D1 /* RecipesListDetailedRouter.swift in Sources */ = {isa = PBXBuildFile; fileRef = 5FB14C3F29ED946A00C096D1 /* RecipesListDetailedRouter.swift */; };
		5FB14C4229ED948100C096D1 /* RecipesListDetailedWorker.swift in Sources */ = {isa = PBXBuildFile; fileRef = 5FB14C4129ED948100C096D1 /* RecipesListDetailedWorker.swift */; };
		5FB14C4429ED948B00C096D1 /* RecipesListDetailedModel.swift in Sources */ = {isa = PBXBuildFile; fileRef = 5FB14C4329ED948B00C096D1 /* RecipesListDetailedModel.swift */; };
		5FB14C4729ED97BA00C096D1 /* SummaryReceipe.swift in Sources */ = {isa = PBXBuildFile; fileRef = 5FB14C4629ED97BA00C096D1 /* SummaryReceipe.swift */; };
		5FB14C4A29EECA8600C096D1 /* ImageViewTableViewCell.swift in Sources */ = {isa = PBXBuildFile; fileRef = 5FB14C4929EECA8600C096D1 /* ImageViewTableViewCell.swift */; };
		5FB14C4D29EECE2F00C096D1 /* URLBuilders.swift in Sources */ = {isa = PBXBuildFile; fileRef = 5FB14C4C29EECE2F00C096D1 /* URLBuilders.swift */; };
		5FB14C5129F02B1500C096D1 /* MealTypesTableViewCell.swift in Sources */ = {isa = PBXBuildFile; fileRef = 5FB14C5029F02B1500C096D1 /* MealTypesTableViewCell.swift */; };
		5FB14C5329F0326100C096D1 /* IngridientsTableViewCell.swift in Sources */ = {isa = PBXBuildFile; fileRef = 5FB14C5229F0326100C096D1 /* IngridientsTableViewCell.swift */; };
		5FB14C5529F0329D00C096D1 /* PairingTextTableViewCell.swift in Sources */ = {isa = PBXBuildFile; fileRef = 5FB14C5429F0329D00C096D1 /* PairingTextTableViewCell.swift */; };
		5FB14C5729F032CC00C096D1 /* PairingMatchTableViewCell.swift in Sources */ = {isa = PBXBuildFile; fileRef = 5FB14C5629F032CC00C096D1 /* PairingMatchTableViewCell.swift */; };
		5FBF4F1029E5918A00B9532A /* Receipt.swift in Sources */ = {isa = PBXBuildFile; fileRef = 5FBF4F0F29E5918A00B9532A /* Receipt.swift */; };
		5FBF4F1329E5AF6000B9532A /* ReciepesTableViewCell.swift in Sources */ = {isa = PBXBuildFile; fileRef = 5FBF4F1229E5AF6000B9532A /* ReciepesTableViewCell.swift */; };
		5FBF4F1829E5FFDD00B9532A /* UIStackView.swift in Sources */ = {isa = PBXBuildFile; fileRef = 5FBF4F1729E5FFDD00B9532A /* UIStackView.swift */; };
		5FD2632229E5602100C18E90 /* AppDelegate.swift in Sources */ = {isa = PBXBuildFile; fileRef = 5FD2632129E5602100C18E90 /* AppDelegate.swift */; };
		5FD2632429E5602100C18E90 /* SceneDelegate.swift in Sources */ = {isa = PBXBuildFile; fileRef = 5FD2632329E5602100C18E90 /* SceneDelegate.swift */; };
		5FD2632629E5602100C18E90 /* RecipesListViewController.swift in Sources */ = {isa = PBXBuildFile; fileRef = 5FD2632529E5602100C18E90 /* RecipesListViewController.swift */; };
		5FD2632B29E5602300C18E90 /* Assets.xcassets in Resources */ = {isa = PBXBuildFile; fileRef = 5FD2632A29E5602300C18E90 /* Assets.xcassets */; };
		5FD2632E29E5602300C18E90 /* LaunchScreen.storyboard in Resources */ = {isa = PBXBuildFile; fileRef = 5FD2632C29E5602300C18E90 /* LaunchScreen.storyboard */; };
		5FD2633729E56D7100C18E90 /* RecipesListInteractor.swift in Sources */ = {isa = PBXBuildFile; fileRef = 5FD2633629E56D7100C18E90 /* RecipesListInteractor.swift */; };
		5FD2633929E56D8700C18E90 /* RecipesListPresenter.swift in Sources */ = {isa = PBXBuildFile; fileRef = 5FD2633829E56D8700C18E90 /* RecipesListPresenter.swift */; };
		5FD2633B29E56DAB00C18E90 /* RecipesListRouter.swift in Sources */ = {isa = PBXBuildFile; fileRef = 5FD2633A29E56DAB00C18E90 /* RecipesListRouter.swift */; };
		5FD2633D29E56E0C00C18E90 /* RecipesListWorker.swift in Sources */ = {isa = PBXBuildFile; fileRef = 5FD2633C29E56E0C00C18E90 /* RecipesListWorker.swift */; };
		5FD2633F29E56E4F00C18E90 /* RecipesListModel.swift in Sources */ = {isa = PBXBuildFile; fileRef = 5FD2633E29E56E4F00C18E90 /* RecipesListModel.swift */; };
/* End PBXBuildFile section */

/* Begin PBXFileReference section */
		5F45E67929E8082E00D151DE /* CustomHeaderView.swift */ = {isa = PBXFileReference; lastKnownFileType = sourcecode.swift; path = CustomHeaderView.swift; sourceTree = "<group>"; };
		5F45E67B29E80C4100D151DE /* HeaderCollectionViewCell.swift */ = {isa = PBXFileReference; lastKnownFileType = sourcecode.swift; path = HeaderCollectionViewCell.swift; sourceTree = "<group>"; };
		5F45E67E29E8126B00D151DE /* APIConstants.swift */ = {isa = PBXFileReference; lastKnownFileType = sourcecode.swift; path = APIConstants.swift; sourceTree = "<group>"; };
		5F45E68629E8AE0600D151DE /* APICaller.swift */ = {isa = PBXFileReference; lastKnownFileType = sourcecode.swift; path = APICaller.swift; sourceTree = "<group>"; };
		5FB14C3929ED943800C096D1 /* RecipesListDetailedViewController.swift */ = {isa = PBXFileReference; lastKnownFileType = sourcecode.swift; path = RecipesListDetailedViewController.swift; sourceTree = "<group>"; };
		5FB14C3B29ED944F00C096D1 /* RecipesListDetailedInteractor.swift */ = {isa = PBXFileReference; lastKnownFileType = sourcecode.swift; path = RecipesListDetailedInteractor.swift; sourceTree = "<group>"; };
		5FB14C3D29ED945D00C096D1 /* RecipesListDetailedPresenter.swift */ = {isa = PBXFileReference; lastKnownFileType = sourcecode.swift; path = RecipesListDetailedPresenter.swift; sourceTree = "<group>"; };
		5FB14C3F29ED946A00C096D1 /* RecipesListDetailedRouter.swift */ = {isa = PBXFileReference; lastKnownFileType = sourcecode.swift; path = RecipesListDetailedRouter.swift; sourceTree = "<group>"; };
		5FB14C4129ED948100C096D1 /* RecipesListDetailedWorker.swift */ = {isa = PBXFileReference; lastKnownFileType = sourcecode.swift; path = RecipesListDetailedWorker.swift; sourceTree = "<group>"; };
		5FB14C4329ED948B00C096D1 /* RecipesListDetailedModel.swift */ = {isa = PBXFileReference; lastKnownFileType = sourcecode.swift; path = RecipesListDetailedModel.swift; sourceTree = "<group>"; };
		5FB14C4629ED97BA00C096D1 /* SummaryReceipe.swift */ = {isa = PBXFileReference; lastKnownFileType = sourcecode.swift; path = SummaryReceipe.swift; sourceTree = "<group>"; };
		5FB14C4929EECA8600C096D1 /* ImageViewTableViewCell.swift */ = {isa = PBXFileReference; lastKnownFileType = sourcecode.swift; path = ImageViewTableViewCell.swift; sourceTree = "<group>"; };
		5FB14C4C29EECE2F00C096D1 /* URLBuilders.swift */ = {isa = PBXFileReference; lastKnownFileType = sourcecode.swift; path = URLBuilders.swift; sourceTree = "<group>"; };
		5FB14C5029F02B1500C096D1 /* MealTypesTableViewCell.swift */ = {isa = PBXFileReference; lastKnownFileType = sourcecode.swift; path = MealTypesTableViewCell.swift; sourceTree = "<group>"; };
		5FB14C5229F0326100C096D1 /* IngridientsTableViewCell.swift */ = {isa = PBXFileReference; lastKnownFileType = sourcecode.swift; path = IngridientsTableViewCell.swift; sourceTree = "<group>"; };
		5FB14C5429F0329D00C096D1 /* PairingTextTableViewCell.swift */ = {isa = PBXFileReference; lastKnownFileType = sourcecode.swift; path = PairingTextTableViewCell.swift; sourceTree = "<group>"; };
		5FB14C5629F032CC00C096D1 /* PairingMatchTableViewCell.swift */ = {isa = PBXFileReference; lastKnownFileType = sourcecode.swift; path = PairingMatchTableViewCell.swift; sourceTree = "<group>"; };
		5FBF4F0F29E5918A00B9532A /* Receipt.swift */ = {isa = PBXFileReference; lastKnownFileType = sourcecode.swift; path = Receipt.swift; sourceTree = "<group>"; };
		5FBF4F1229E5AF6000B9532A /* ReciepesTableViewCell.swift */ = {isa = PBXFileReference; lastKnownFileType = sourcecode.swift; path = ReciepesTableViewCell.swift; sourceTree = "<group>"; };
		5FBF4F1729E5FFDD00B9532A /* UIStackView.swift */ = {isa = PBXFileReference; lastKnownFileType = sourcecode.swift; path = UIStackView.swift; sourceTree = "<group>"; };
		5FD2631E29E5602100C18E90 /* CookingRecipes.app */ = {isa = PBXFileReference; explicitFileType = wrapper.application; includeInIndex = 0; path = CookingRecipes.app; sourceTree = BUILT_PRODUCTS_DIR; };
		5FD2632129E5602100C18E90 /* AppDelegate.swift */ = {isa = PBXFileReference; lastKnownFileType = sourcecode.swift; path = AppDelegate.swift; sourceTree = "<group>"; };
		5FD2632329E5602100C18E90 /* SceneDelegate.swift */ = {isa = PBXFileReference; lastKnownFileType = sourcecode.swift; path = SceneDelegate.swift; sourceTree = "<group>"; };
		5FD2632529E5602100C18E90 /* RecipesListViewController.swift */ = {isa = PBXFileReference; lastKnownFileType = sourcecode.swift; path = RecipesListViewController.swift; sourceTree = "<group>"; };
		5FD2632A29E5602300C18E90 /* Assets.xcassets */ = {isa = PBXFileReference; lastKnownFileType = folder.assetcatalog; path = Assets.xcassets; sourceTree = "<group>"; };
		5FD2632D29E5602300C18E90 /* Base */ = {isa = PBXFileReference; lastKnownFileType = file.storyboard; name = Base; path = Base.lproj/LaunchScreen.storyboard; sourceTree = "<group>"; };
		5FD2632F29E5602300C18E90 /* Info.plist */ = {isa = PBXFileReference; lastKnownFileType = text.plist.xml; path = Info.plist; sourceTree = "<group>"; };
		5FD2633629E56D7100C18E90 /* RecipesListInteractor.swift */ = {isa = PBXFileReference; lastKnownFileType = sourcecode.swift; path = RecipesListInteractor.swift; sourceTree = "<group>"; };
		5FD2633829E56D8700C18E90 /* RecipesListPresenter.swift */ = {isa = PBXFileReference; lastKnownFileType = sourcecode.swift; path = RecipesListPresenter.swift; sourceTree = "<group>"; };
		5FD2633A29E56DAB00C18E90 /* RecipesListRouter.swift */ = {isa = PBXFileReference; lastKnownFileType = sourcecode.swift; path = RecipesListRouter.swift; sourceTree = "<group>"; };
		5FD2633C29E56E0C00C18E90 /* RecipesListWorker.swift */ = {isa = PBXFileReference; lastKnownFileType = sourcecode.swift; path = RecipesListWorker.swift; sourceTree = "<group>"; };
		5FD2633E29E56E4F00C18E90 /* RecipesListModel.swift */ = {isa = PBXFileReference; lastKnownFileType = sourcecode.swift; path = RecipesListModel.swift; sourceTree = "<group>"; };
/* End PBXFileReference section */

/* Begin PBXFrameworksBuildPhase section */
		5FD2631B29E5602100C18E90 /* Frameworks */ = {
			isa = PBXFrameworksBuildPhase;
			buildActionMask = 2147483647;
			files = (
				5F45E68429E83B5500D151DE /* SDWebImageMapKit in Frameworks */,
				5F45E68229E83B5500D151DE /* SDWebImage in Frameworks */,
			);
			runOnlyForDeploymentPostprocessing = 0;
		};
/* End PBXFrameworksBuildPhase section */

/* Begin PBXGroup section */
		5F45E67D29E8124C00D151DE /* APIConstants */ = {
			isa = PBXGroup;
			children = (
				5F45E67E29E8126B00D151DE /* APIConstants.swift */,
			);
			path = APIConstants;
			sourceTree = "<group>";
		};
		5F45E68829E8AE1100D151DE /* Managers */ = {
			isa = PBXGroup;
			children = (
				5F45E68629E8AE0600D151DE /* APICaller.swift */,
				5FB14C4C29EECE2F00C096D1 /* URLBuilders.swift */,
			);
			path = Managers;
			sourceTree = "<group>";
		};
		5FB14C3729ED93AE00C096D1 /* RecipesListDetailed */ = {
			isa = PBXGroup;
			children = (
				5FB14C4829EECA6200C096D1 /* UI */,
				5FB14C4529ED979400C096D1 /* Models */,
				5FB14C3929ED943800C096D1 /* RecipesListDetailedViewController.swift */,
				5FB14C3B29ED944F00C096D1 /* RecipesListDetailedInteractor.swift */,
				5FB14C3D29ED945D00C096D1 /* RecipesListDetailedPresenter.swift */,
				5FB14C3F29ED946A00C096D1 /* RecipesListDetailedRouter.swift */,
				5FB14C4129ED948100C096D1 /* RecipesListDetailedWorker.swift */,
				5FB14C4329ED948B00C096D1 /* RecipesListDetailedModel.swift */,
			);
			path = RecipesListDetailed;
			sourceTree = "<group>";
		};
		5FB14C3829ED93C600C096D1 /* Basics */ = {
			isa = PBXGroup;
			children = (
				5FD2632A29E5602300C18E90 /* Assets.xcassets */,
				5FD2632C29E5602300C18E90 /* LaunchScreen.storyboard */,
				5FD2632129E5602100C18E90 /* AppDelegate.swift */,
				5FD2632329E5602100C18E90 /* SceneDelegate.swift */,
			);
			path = Basics;
			sourceTree = "<group>";
		};
		5FB14C4529ED979400C096D1 /* Models */ = {
			isa = PBXGroup;
			children = (
				5FB14C4629ED97BA00C096D1 /* SummaryReceipe.swift */,
			);
			path = Models;
			sourceTree = "<group>";
		};
		5FB14C4829EECA6200C096D1 /* UI */ = {
			isa = PBXGroup;
			children = (
				5FB14C4929EECA8600C096D1 /* ImageViewTableViewCell.swift */,
				5FB14C5029F02B1500C096D1 /* MealTypesTableViewCell.swift */,
				5FB14C5229F0326100C096D1 /* IngridientsTableViewCell.swift */,
				5FB14C5429F0329D00C096D1 /* PairingTextTableViewCell.swift */,
				5FB14C5629F032CC00C096D1 /* PairingMatchTableViewCell.swift */,
			);
			path = UI;
			sourceTree = "<group>";
		};
		5FBF4F0E29E5917000B9532A /* Models */ = {
			isa = PBXGroup;
			children = (
				5FBF4F0F29E5918A00B9532A /* Receipt.swift */,
			);
			path = Models;
			sourceTree = "<group>";
		};
		5FBF4F1129E591EA00B9532A /* UI */ = {
			isa = PBXGroup;
			children = (
				5FBF4F1229E5AF6000B9532A /* ReciepesTableViewCell.swift */,
				5F45E67929E8082E00D151DE /* CustomHeaderView.swift */,
				5F45E67B29E80C4100D151DE /* HeaderCollectionViewCell.swift */,
			);
			path = UI;
			sourceTree = "<group>";
		};
		5FBF4F1629E5FFB400B9532A /* Extensions */ = {
			isa = PBXGroup;
			children = (
				5FBF4F1729E5FFDD00B9532A /* UIStackView.swift */,
			);
			path = Extensions;
			sourceTree = "<group>";
		};
		5FD2631529E5602100C18E90 = {
			isa = PBXGroup;
			children = (
				5FD2632029E5602100C18E90 /* CookingRecipes */,
				5FD2631F29E5602100C18E90 /* Products */,
			);
			sourceTree = "<group>";
		};
		5FD2631F29E5602100C18E90 /* Products */ = {
			isa = PBXGroup;
			children = (
				5FD2631E29E5602100C18E90 /* CookingRecipes.app */,
			);
			name = Products;
			sourceTree = "<group>";
		};
		5FD2632029E5602100C18E90 /* CookingRecipes */ = {
			isa = PBXGroup;
			children = (
				5F45E68829E8AE1100D151DE /* Managers */,
				5F45E67D29E8124C00D151DE /* APIConstants */,
				5FBF4F1629E5FFB400B9532A /* Extensions */,
				5FD2633529E56CB100C18E90 /* RecipesList */,
				5FB14C3729ED93AE00C096D1 /* RecipesListDetailed */,
				5FB14C3829ED93C600C096D1 /* Basics */,
				5FD2632F29E5602300C18E90 /* Info.plist */,
			);
			path = CookingRecipes;
			sourceTree = "<group>";
		};
		5FD2633529E56CB100C18E90 /* RecipesList */ = {
			isa = PBXGroup;
			children = (
				5FBF4F1129E591EA00B9532A /* UI */,
				5FBF4F0E29E5917000B9532A /* Models */,
				5FD2632529E5602100C18E90 /* RecipesListViewController.swift */,
				5FD2633629E56D7100C18E90 /* RecipesListInteractor.swift */,
				5FD2633829E56D8700C18E90 /* RecipesListPresenter.swift */,
				5FD2633A29E56DAB00C18E90 /* RecipesListRouter.swift */,
				5FD2633C29E56E0C00C18E90 /* RecipesListWorker.swift */,
				5FD2633E29E56E4F00C18E90 /* RecipesListModel.swift */,
			);
			path = RecipesList;
			sourceTree = "<group>";
		};
/* End PBXGroup section */

/* Begin PBXNativeTarget section */
		5FD2631D29E5602100C18E90 /* CookingRecipes */ = {
			isa = PBXNativeTarget;
			buildConfigurationList = 5FD2633229E5602300C18E90 /* Build configuration list for PBXNativeTarget "CookingRecipes" */;
			buildPhases = (
				5FD2631A29E5602100C18E90 /* Sources */,
				5FD2631B29E5602100C18E90 /* Frameworks */,
				5FD2631C29E5602100C18E90 /* Resources */,
			);
			buildRules = (
			);
			dependencies = (
			);
			name = CookingRecipes;
			packageProductDependencies = (
				5F45E68129E83B5500D151DE /* SDWebImage */,
				5F45E68329E83B5500D151DE /* SDWebImageMapKit */,
			);
			productName = CookingRecipes;
			productReference = 5FD2631E29E5602100C18E90 /* CookingRecipes.app */;
			productType = "com.apple.product-type.application";
		};
/* End PBXNativeTarget section */

/* Begin PBXProject section */
		5FD2631629E5602100C18E90 /* Project object */ = {
			isa = PBXProject;
			attributes = {
				BuildIndependentTargetsInParallel = 1;
				LastSwiftUpdateCheck = 1430;
				LastUpgradeCheck = 1430;
				TargetAttributes = {
					5FD2631D29E5602100C18E90 = {
						CreatedOnToolsVersion = 14.3;
					};
				};
			};
			buildConfigurationList = 5FD2631929E5602100C18E90 /* Build configuration list for PBXProject "CookingRecipes" */;
			compatibilityVersion = "Xcode 14.0";
			developmentRegion = en;
			hasScannedForEncodings = 0;
			knownRegions = (
				en,
				Base,
			);
			mainGroup = 5FD2631529E5602100C18E90;
			packageReferences = (
				5F45E68029E83B5500D151DE /* XCRemoteSwiftPackageReference "SDWebImage" */,
			);
			productRefGroup = 5FD2631F29E5602100C18E90 /* Products */;
			projectDirPath = "";
			projectRoot = "";
			targets = (
				5FD2631D29E5602100C18E90 /* CookingRecipes */,
			);
		};
/* End PBXProject section */

/* Begin PBXResourcesBuildPhase section */
		5FD2631C29E5602100C18E90 /* Resources */ = {
			isa = PBXResourcesBuildPhase;
			buildActionMask = 2147483647;
			files = (
				5FD2632E29E5602300C18E90 /* LaunchScreen.storyboard in Resources */,
				5FD2632B29E5602300C18E90 /* Assets.xcassets in Resources */,
			);
			runOnlyForDeploymentPostprocessing = 0;
		};
/* End PBXResourcesBuildPhase section */

/* Begin PBXSourcesBuildPhase section */
		5FD2631A29E5602100C18E90 /* Sources */ = {
			isa = PBXSourcesBuildPhase;
			buildActionMask = 2147483647;
			files = (
				5FB14C5729F032CC00C096D1 /* PairingMatchTableViewCell.swift in Sources */,
				5F45E67C29E80C4100D151DE /* HeaderCollectionViewCell.swift in Sources */,
				5FB14C5529F0329D00C096D1 /* PairingTextTableViewCell.swift in Sources */,
				5FB14C3C29ED944F00C096D1 /* RecipesListDetailedInteractor.swift in Sources */,
				5FD2633729E56D7100C18E90 /* RecipesListInteractor.swift in Sources */,
				5FD2633F29E56E4F00C18E90 /* RecipesListModel.swift in Sources */,
				5FD2633929E56D8700C18E90 /* RecipesListPresenter.swift in Sources */,
				5FBF4F1329E5AF6000B9532A /* ReciepesTableViewCell.swift in Sources */,
				5F45E67A29E8082E00D151DE /* CustomHeaderView.swift in Sources */,
				5FB14C4229ED948100C096D1 /* RecipesListDetailedWorker.swift in Sources */,
				5FB14C4429ED948B00C096D1 /* RecipesListDetailedModel.swift in Sources */,
				5FB14C4D29EECE2F00C096D1 /* URLBuilders.swift in Sources */,
				5FB14C5329F0326100C096D1 /* IngridientsTableViewCell.swift in Sources */,
				5FB14C4029ED946A00C096D1 /* RecipesListDetailedRouter.swift in Sources */,
				5FB14C4729ED97BA00C096D1 /* SummaryReceipe.swift in Sources */,
				5FB14C4A29EECA8600C096D1 /* ImageViewTableViewCell.swift in Sources */,
				5FBF4F1029E5918A00B9532A /* Receipt.swift in Sources */,
				5FB14C3A29ED943800C096D1 /* RecipesListDetailedViewController.swift in Sources */,
				5FB14C5129F02B1500C096D1 /* MealTypesTableViewCell.swift in Sources */,
				5FD2633B29E56DAB00C18E90 /* RecipesListRouter.swift in Sources */,
				5F45E67F29E8126B00D151DE /* APIConstants.swift in Sources */,
				5FD2632629E5602100C18E90 /* RecipesListViewController.swift in Sources */,
				5FD2632229E5602100C18E90 /* AppDelegate.swift in Sources */,
				5FD2633D29E56E0C00C18E90 /* RecipesListWorker.swift in Sources */,
				5FD2632429E5602100C18E90 /* SceneDelegate.swift in Sources */,
				5F45E68729E8AE0600D151DE /* APICaller.swift in Sources */,
				5FB14C3E29ED945D00C096D1 /* RecipesListDetailedPresenter.swift in Sources */,
				5FBF4F1829E5FFDD00B9532A /* UIStackView.swift in Sources */,
			);
			runOnlyForDeploymentPostprocessing = 0;
		};
/* End PBXSourcesBuildPhase section */

/* Begin PBXVariantGroup section */
		5FD2632C29E5602300C18E90 /* LaunchScreen.storyboard */ = {
			isa = PBXVariantGroup;
			children = (
				5FD2632D29E5602300C18E90 /* Base */,
			);
			name = LaunchScreen.storyboard;
			sourceTree = "<group>";
		};
/* End PBXVariantGroup section */

/* Begin XCBuildConfiguration section */
		5FD2633029E5602300C18E90 /* Debug */ = {
			isa = XCBuildConfiguration;
			buildSettings = {
				ALWAYS_SEARCH_USER_PATHS = NO;
				CLANG_ANALYZER_NONNULL = YES;
				CLANG_ANALYZER_NUMBER_OBJECT_CONVERSION = YES_AGGRESSIVE;
				CLANG_CXX_LANGUAGE_STANDARD = "gnu++20";
				CLANG_ENABLE_MODULES = YES;
				CLANG_ENABLE_OBJC_ARC = YES;
				CLANG_ENABLE_OBJC_WEAK = YES;
				CLANG_WARN_BLOCK_CAPTURE_AUTORELEASING = YES;
				CLANG_WARN_BOOL_CONVERSION = YES;
				CLANG_WARN_COMMA = YES;
				CLANG_WARN_CONSTANT_CONVERSION = YES;
				CLANG_WARN_DEPRECATED_OBJC_IMPLEMENTATIONS = YES;
				CLANG_WARN_DIRECT_OBJC_ISA_USAGE = YES_ERROR;
				CLANG_WARN_DOCUMENTATION_COMMENTS = YES;
				CLANG_WARN_EMPTY_BODY = YES;
				CLANG_WARN_ENUM_CONVERSION = YES;
				CLANG_WARN_INFINITE_RECURSION = YES;
				CLANG_WARN_INT_CONVERSION = YES;
				CLANG_WARN_NON_LITERAL_NULL_CONVERSION = YES;
				CLANG_WARN_OBJC_IMPLICIT_RETAIN_SELF = YES;
				CLANG_WARN_OBJC_LITERAL_CONVERSION = YES;
				CLANG_WARN_OBJC_ROOT_CLASS = YES_ERROR;
				CLANG_WARN_QUOTED_INCLUDE_IN_FRAMEWORK_HEADER = YES;
				CLANG_WARN_RANGE_LOOP_ANALYSIS = YES;
				CLANG_WARN_STRICT_PROTOTYPES = YES;
				CLANG_WARN_SUSPICIOUS_MOVE = YES;
				CLANG_WARN_UNGUARDED_AVAILABILITY = YES_AGGRESSIVE;
				CLANG_WARN_UNREACHABLE_CODE = YES;
				CLANG_WARN__DUPLICATE_METHOD_MATCH = YES;
				COPY_PHASE_STRIP = NO;
				DEBUG_INFORMATION_FORMAT = dwarf;
				ENABLE_STRICT_OBJC_MSGSEND = YES;
				ENABLE_TESTABILITY = YES;
				GCC_C_LANGUAGE_STANDARD = gnu11;
				GCC_DYNAMIC_NO_PIC = NO;
				GCC_NO_COMMON_BLOCKS = YES;
				GCC_OPTIMIZATION_LEVEL = 0;
				GCC_PREPROCESSOR_DEFINITIONS = (
					"DEBUG=1",
					"$(inherited)",
				);
				GCC_WARN_64_TO_32_BIT_CONVERSION = YES;
				GCC_WARN_ABOUT_RETURN_TYPE = YES_ERROR;
				GCC_WARN_UNDECLARED_SELECTOR = YES;
				GCC_WARN_UNINITIALIZED_AUTOS = YES_AGGRESSIVE;
				GCC_WARN_UNUSED_FUNCTION = YES;
				GCC_WARN_UNUSED_VARIABLE = YES;
				IPHONEOS_DEPLOYMENT_TARGET = 16.0;
				MTL_ENABLE_DEBUG_INFO = INCLUDE_SOURCE;
				MTL_FAST_MATH = YES;
				ONLY_ACTIVE_ARCH = YES;
				SDKROOT = iphoneos;
				SWIFT_ACTIVE_COMPILATION_CONDITIONS = DEBUG;
				SWIFT_OPTIMIZATION_LEVEL = "-Onone";
			};
			name = Debug;
		};
		5FD2633129E5602300C18E90 /* Release */ = {
			isa = XCBuildConfiguration;
			buildSettings = {
				ALWAYS_SEARCH_USER_PATHS = NO;
				CLANG_ANALYZER_NONNULL = YES;
				CLANG_ANALYZER_NUMBER_OBJECT_CONVERSION = YES_AGGRESSIVE;
				CLANG_CXX_LANGUAGE_STANDARD = "gnu++20";
				CLANG_ENABLE_MODULES = YES;
				CLANG_ENABLE_OBJC_ARC = YES;
				CLANG_ENABLE_OBJC_WEAK = YES;
				CLANG_WARN_BLOCK_CAPTURE_AUTORELEASING = YES;
				CLANG_WARN_BOOL_CONVERSION = YES;
				CLANG_WARN_COMMA = YES;
				CLANG_WARN_CONSTANT_CONVERSION = YES;
				CLANG_WARN_DEPRECATED_OBJC_IMPLEMENTATIONS = YES;
				CLANG_WARN_DIRECT_OBJC_ISA_USAGE = YES_ERROR;
				CLANG_WARN_DOCUMENTATION_COMMENTS = YES;
				CLANG_WARN_EMPTY_BODY = YES;
				CLANG_WARN_ENUM_CONVERSION = YES;
				CLANG_WARN_INFINITE_RECURSION = YES;
				CLANG_WARN_INT_CONVERSION = YES;
				CLANG_WARN_NON_LITERAL_NULL_CONVERSION = YES;
				CLANG_WARN_OBJC_IMPLICIT_RETAIN_SELF = YES;
				CLANG_WARN_OBJC_LITERAL_CONVERSION = YES;
				CLANG_WARN_OBJC_ROOT_CLASS = YES_ERROR;
				CLANG_WARN_QUOTED_INCLUDE_IN_FRAMEWORK_HEADER = YES;
				CLANG_WARN_RANGE_LOOP_ANALYSIS = YES;
				CLANG_WARN_STRICT_PROTOTYPES = YES;
				CLANG_WARN_SUSPICIOUS_MOVE = YES;
				CLANG_WARN_UNGUARDED_AVAILABILITY = YES_AGGRESSIVE;
				CLANG_WARN_UNREACHABLE_CODE = YES;
				CLANG_WARN__DUPLICATE_METHOD_MATCH = YES;
				COPY_PHASE_STRIP = NO;
				DEBUG_INFORMATION_FORMAT = "dwarf-with-dsym";
				ENABLE_NS_ASSERTIONS = NO;
				ENABLE_STRICT_OBJC_MSGSEND = YES;
				GCC_C_LANGUAGE_STANDARD = gnu11;
				GCC_NO_COMMON_BLOCKS = YES;
				GCC_WARN_64_TO_32_BIT_CONVERSION = YES;
				GCC_WARN_ABOUT_RETURN_TYPE = YES_ERROR;
				GCC_WARN_UNDECLARED_SELECTOR = YES;
				GCC_WARN_UNINITIALIZED_AUTOS = YES_AGGRESSIVE;
				GCC_WARN_UNUSED_FUNCTION = YES;
				GCC_WARN_UNUSED_VARIABLE = YES;
				IPHONEOS_DEPLOYMENT_TARGET = 16.0;
				MTL_ENABLE_DEBUG_INFO = NO;
				MTL_FAST_MATH = YES;
				SDKROOT = iphoneos;
				SWIFT_COMPILATION_MODE = wholemodule;
				SWIFT_OPTIMIZATION_LEVEL = "-O";
				VALIDATE_PRODUCT = YES;
			};
			name = Release;
		};
		5FD2633329E5602300C18E90 /* Debug */ = {
			isa = XCBuildConfiguration;
			buildSettings = {
				ASSETCATALOG_COMPILER_APPICON_NAME = AppIcon;
				ASSETCATALOG_COMPILER_GLOBAL_ACCENT_COLOR_NAME = AccentColor;
				CODE_SIGN_STYLE = Automatic;
				CURRENT_PROJECT_VERSION = 1;
				GENERATE_INFOPLIST_FILE = YES;
				INFOPLIST_FILE = CookingRecipes/Info.plist;
				INFOPLIST_KEY_UIApplicationSupportsIndirectInputEvents = YES;
				INFOPLIST_KEY_UILaunchStoryboardName = LaunchScreen;
				INFOPLIST_KEY_UISupportedInterfaceOrientations_iPad = "UIInterfaceOrientationPortrait UIInterfaceOrientationPortraitUpsideDown UIInterfaceOrientationLandscapeLeft UIInterfaceOrientationLandscapeRight";
				INFOPLIST_KEY_UISupportedInterfaceOrientations_iPhone = "UIInterfaceOrientationPortrait UIInterfaceOrientationLandscapeLeft UIInterfaceOrientationLandscapeRight";
				LD_RUNPATH_SEARCH_PATHS = (
					"$(inherited)",
					"@executable_path/Frameworks",
				);
				MARKETING_VERSION = 1.0;
				PRODUCT_BUNDLE_IDENTIFIER = DPS.CookingRecipes;
				PRODUCT_NAME = "$(TARGET_NAME)";
				SWIFT_EMIT_LOC_STRINGS = YES;
				SWIFT_VERSION = 5.0;
				TARGETED_DEVICE_FAMILY = "1,2";
			};
			name = Debug;
		};
		5FD2633429E5602300C18E90 /* Release */ = {
			isa = XCBuildConfiguration;
			buildSettings = {
				ASSETCATALOG_COMPILER_APPICON_NAME = AppIcon;
				ASSETCATALOG_COMPILER_GLOBAL_ACCENT_COLOR_NAME = AccentColor;
				CODE_SIGN_STYLE = Automatic;
				CURRENT_PROJECT_VERSION = 1;
				GENERATE_INFOPLIST_FILE = YES;
				INFOPLIST_FILE = CookingRecipes/Info.plist;
				INFOPLIST_KEY_UIApplicationSupportsIndirectInputEvents = YES;
				INFOPLIST_KEY_UILaunchStoryboardName = LaunchScreen;
				INFOPLIST_KEY_UISupportedInterfaceOrientations_iPad = "UIInterfaceOrientationPortrait UIInterfaceOrientationPortraitUpsideDown UIInterfaceOrientationLandscapeLeft UIInterfaceOrientationLandscapeRight";
				INFOPLIST_KEY_UISupportedInterfaceOrientations_iPhone = "UIInterfaceOrientationPortrait UIInterfaceOrientationLandscapeLeft UIInterfaceOrientationLandscapeRight";
				LD_RUNPATH_SEARCH_PATHS = (
					"$(inherited)",
					"@executable_path/Frameworks",
				);
				MARKETING_VERSION = 1.0;
				PRODUCT_BUNDLE_IDENTIFIER = DPS.CookingRecipes;
				PRODUCT_NAME = "$(TARGET_NAME)";
				SWIFT_EMIT_LOC_STRINGS = YES;
				SWIFT_VERSION = 5.0;
				TARGETED_DEVICE_FAMILY = "1,2";
			};
			name = Release;
		};
/* End XCBuildConfiguration section */

/* Begin XCConfigurationList section */
		5FD2631929E5602100C18E90 /* Build configuration list for PBXProject "CookingRecipes" */ = {
			isa = XCConfigurationList;
			buildConfigurations = (
				5FD2633029E5602300C18E90 /* Debug */,
				5FD2633129E5602300C18E90 /* Release */,
			);
			defaultConfigurationIsVisible = 0;
			defaultConfigurationName = Release;
		};
		5FD2633229E5602300C18E90 /* Build configuration list for PBXNativeTarget "CookingRecipes" */ = {
			isa = XCConfigurationList;
			buildConfigurations = (
				5FD2633329E5602300C18E90 /* Debug */,
				5FD2633429E5602300C18E90 /* Release */,
			);
			defaultConfigurationIsVisible = 0;
			defaultConfigurationName = Release;
		};
/* End XCConfigurationList section */

/* Begin XCRemoteSwiftPackageReference section */
		5F45E68029E83B5500D151DE /* XCRemoteSwiftPackageReference "SDWebImage" */ = {
			isa = XCRemoteSwiftPackageReference;
			repositoryURL = "https://github.com/SDWebImage/SDWebImage.git";
			requirement = {
				kind = upToNextMajorVersion;
				minimumVersion = 5.0.0;
			};
		};
/* End XCRemoteSwiftPackageReference section */

/* Begin XCSwiftPackageProductDependency section */
		5F45E68129E83B5500D151DE /* SDWebImage */ = {
			isa = XCSwiftPackageProductDependency;
			package = 5F45E68029E83B5500D151DE /* XCRemoteSwiftPackageReference "SDWebImage" */;
			productName = SDWebImage;
		};
		5F45E68329E83B5500D151DE /* SDWebImageMapKit */ = {
			isa = XCSwiftPackageProductDependency;
			package = 5F45E68029E83B5500D151DE /* XCRemoteSwiftPackageReference "SDWebImage" */;
			productName = SDWebImageMapKit;
		};
/* End XCSwiftPackageProductDependency section */
	};
	rootObject = 5FD2631629E5602100C18E90 /* Project object */;
}
