// !$*UTF8*$!
{
	archiveVersion = 1;
	classes = {
	};
	objectVersion = 56;
	objects = {

/* Begin PBXBuildFile section */
		5FD2632229E5602100C18E90 /* AppDelegate.swift in Sources */ = {isa = PBXBuildFile; fileRef = 5FD2632129E5602100C18E90 /* AppDelegate.swift */; };
		5FD2632429E5602100C18E90 /* SceneDelegate.swift in Sources */ = {isa = PBXBuildFile; fileRef = 5FD2632329E5602100C18E90 /* SceneDelegate.swift */; };
		5FD2632629E5602100C18E90 /* RecipesListViewController.swift in Sources */ = {isa = PBXBuildFile; fileRef = 5FD2632529E5602100C18E90 /* RecipesListViewController.swift */; };
		5FD2632B29E5602300C18E90 /* Assets.xcassets in Resources */ = {isa = PBXBuildFile; fileRef = 5FD2632A29E5602300C18E90 /* Assets.xcassets */; };
		5FD2632E29E5602300C18E90 /* LaunchScreen.storyboard in Resources */ = {isa = PBXBuildFile; fileRef = 5FD2632C29E5602300C18E90 /* LaunchScreen.storyboard */; };
		5FD2633729E56D7100C18E90 /* RecipesListInteractor.swift in Sources */ = {isa = PBXBuildFile; fileRef = 5FD2633629E56D7100C18E90 /* RecipesListInteractor.swift */; };
		5FD2633929E56D8700C18E90 /* RecipesListPresenter.swift in Sources */ = {isa = PBXBuildFile; fileRef = 5FD2633829E56D8700C18E90 /* RecipesListPresenter.swift */; };
		5FD2633B29E56DAB00C18E90 /* RecipesListRouter.swift in Sources */ = {isa = PBXBuildFile; fileRef = 5FD2633A29E56DAB00C18E90 /* RecipesListRouter.swift */; };
		5FD2633D29E56E0C00C18E90 /* RecipesListWorker.swift in Sources */ = {isa = PBXBuildFile; fileRef = 5FD2633C29E56E0C00C18E90 /* RecipesListWorker.swift */; };
		5FD2633F29E56E4F00C18E90 /* RecipesListModel.swift in Sources */ = {isa = PBXBuildFile; fileRef = 5FD2633E29E56E4F00C18E90 /* RecipesListModel.swift */; };
/* End PBXBuildFile section */

/* Begin PBXFileReference section */
		5FD2631E29E5602100C18E90 /* CookingRecipes.app */ = {isa = PBXFileReference; explicitFileType = wrapper.application; includeInIndex = 0; path = CookingRecipes.app; sourceTree = BUILT_PRODUCTS_DIR; };
		5FD2632129E5602100C18E90 /* AppDelegate.swift */ = {isa = PBXFileReference; lastKnownFileType = sourcecode.swift; path = AppDelegate.swift; sourceTree = "<group>"; };
		5FD2632329E5602100C18E90 /* SceneDelegate.swift */ = {isa = PBXFileReference; lastKnownFileType = sourcecode.swift; path = SceneDelegate.swift; sourceTree = "<group>"; };
		5FD2632529E5602100C18E90 /* RecipesListViewController.swift */ = {isa = PBXFileReference; lastKnownFileType = sourcecode.swift; path = RecipesListViewController.swift; sourceTree = "<group>"; };
		5FD2632A29E5602300C18E90 /* Assets.xcassets */ = {isa = PBXFileReference; lastKnownFileType = folder.assetcatalog; path = Assets.xcassets; sourceTree = "<group>"; };
		5FD2632D29E5602300C18E90 /* Base */ = {isa = PBXFileReference; lastKnownFileType = file.storyboard; name = Base; path = Base.lproj/LaunchScreen.storyboard; sourceTree = "<group>"; };
		5FD2632F29E5602300C18E90 /* Info.plist */ = {isa = PBXFileReference; lastKnownFileType = text.plist.xml; path = Info.plist; sourceTree = "<group>"; };
		5FD2633629E56D7100C18E90 /* RecipesListInteractor.swift */ = {isa = PBXFileReference; lastKnownFileType = sourcecode.swift; path = RecipesListInteractor.swift; sourceTree = "<group>"; };
		5FD2633829E56D8700C18E90 /* RecipesListPresenter.swift */ = {isa = PBXFileReference; lastKnownFileType = sourcecode.swift; path = RecipesListPresenter.swift; sourceTree = "<group>"; };
		5FD2633A29E56DAB00C18E90 /* RecipesListRouter.swift */ = {isa = PBXFileReference; lastKnownFileType = sourcecode.swift; path = RecipesListRouter.swift; sourceTree = "<group>"; };
		5FD2633C29E56E0C00C18E90 /* RecipesListWorker.swift */ = {isa = PBXFileReference; lastKnownFileType = sourcecode.swift; path = RecipesListWorker.swift; sourceTree = "<group>"; };
		5FD2633E29E56E4F00C18E90 /* RecipesListModel.swift */ = {isa = PBXFileReference; lastKnownFileType = sourcecode.swift; path = RecipesListModel.swift; sourceTree = "<group>"; };
/* End PBXFileReference section */

/* Begin PBXFrameworksBuildPhase section */
		5FD2631B29E5602100C18E90 /* Frameworks */ = {
			isa = PBXFrameworksBuildPhase;
			buildActionMask = 2147483647;
			files = (
			);
			runOnlyForDeploymentPostprocessing = 0;
		};
/* End PBXFrameworksBuildPhase section */

/* Begin PBXGroup section */
		5FD2631529E5602100C18E90 = {
			isa = PBXGroup;
			children = (
				5FD2632029E5602100C18E90 /* CookingRecipes */,
				5FD2631F29E5602100C18E90 /* Products */,
			);
			sourceTree = "<group>";
		};
		5FD2631F29E5602100C18E90 /* Products */ = {
			isa = PBXGroup;
			children = (
				5FD2631E29E5602100C18E90 /* CookingRecipes.app */,
			);
			name = Products;
			sourceTree = "<group>";
		};
		5FD2632029E5602100C18E90 /* CookingRecipes */ = {
			isa = PBXGroup;
			children = (
				5FD2632129E5602100C18E90 /* AppDelegate.swift */,
				5FD2632329E5602100C18E90 /* SceneDelegate.swift */,
				5FD2633529E56CB100C18E90 /* RecipesList */,
				5FD2632A29E5602300C18E90 /* Assets.xcassets */,
				5FD2632C29E5602300C18E90 /* LaunchScreen.storyboard */,
				5FD2632F29E5602300C18E90 /* Info.plist */,
			);
			path = CookingRecipes;
			sourceTree = "<group>";
		};
		5FD2633529E56CB100C18E90 /* RecipesList */ = {
			isa = PBXGroup;
			children = (
				5FD2632529E5602100C18E90 /* RecipesListViewController.swift */,
				5FD2633629E56D7100C18E90 /* RecipesListInteractor.swift */,
				5FD2633829E56D8700C18E90 /* RecipesListPresenter.swift */,
				5FD2633A29E56DAB00C18E90 /* RecipesListRouter.swift */,
				5FD2633C29E56E0C00C18E90 /* RecipesListWorker.swift */,
				5FD2633E29E56E4F00C18E90 /* RecipesListModel.swift */,
			);
			path = RecipesList;
			sourceTree = "<group>";
		};
/* End PBXGroup section */

/* Begin PBXNativeTarget section */
		5FD2631D29E5602100C18E90 /* CookingRecipes */ = {
			isa = PBXNativeTarget;
			buildConfigurationList = 5FD2633229E5602300C18E90 /* Build configuration list for PBXNativeTarget "CookingRecipes" */;
			buildPhases = (
				5FD2631A29E5602100C18E90 /* Sources */,
				5FD2631B29E5602100C18E90 /* Frameworks */,
				5FD2631C29E5602100C18E90 /* Resources */,
			);
			buildRules = (
			);
			dependencies = (
			);
			name = CookingRecipes;
			productName = CookingRecipes;
			productReference = 5FD2631E29E5602100C18E90 /* CookingRecipes.app */;
			productType = "com.apple.product-type.application";
		};
/* End PBXNativeTarget section */

/* Begin PBXProject section */
		5FD2631629E5602100C18E90 /* Project object */ = {
			isa = PBXProject;
			attributes = {
				BuildIndependentTargetsInParallel = 1;
				LastSwiftUpdateCheck = 1430;
				LastUpgradeCheck = 1430;
				TargetAttributes = {
					5FD2631D29E5602100C18E90 = {
						CreatedOnToolsVersion = 14.3;
					};
				};
			};
			buildConfigurationList = 5FD2631929E5602100C18E90 /* Build configuration list for PBXProject "CookingRecipes" */;
			compatibilityVersion = "Xcode 14.0";
			developmentRegion = en;
			hasScannedForEncodings = 0;
			knownRegions = (
				en,
				Base,
			);
			mainGroup = 5FD2631529E5602100C18E90;
			productRefGroup = 5FD2631F29E5602100C18E90 /* Products */;
			projectDirPath = "";
			projectRoot = "";
			targets = (
				5FD2631D29E5602100C18E90 /* CookingRecipes */,
			);
		};
/* End PBXProject section */

/* Begin PBXResourcesBuildPhase section */
		5FD2631C29E5602100C18E90 /* Resources */ = {
			isa = PBXResourcesBuildPhase;
			buildActionMask = 2147483647;
			files = (
				5FD2632E29E5602300C18E90 /* LaunchScreen.storyboard in Resources */,
				5FD2632B29E5602300C18E90 /* Assets.xcassets in Resources */,
			);
			runOnlyForDeploymentPostprocessing = 0;
		};
/* End PBXResourcesBuildPhase section */

/* Begin PBXSourcesBuildPhase section */
		5FD2631A29E5602100C18E90 /* Sources */ = {
			isa = PBXSourcesBuildPhase;
			buildActionMask = 2147483647;
			files = (
				5FD2633729E56D7100C18E90 /* RecipesListInteractor.swift in Sources */,
				5FD2633F29E56E4F00C18E90 /* RecipesListModel.swift in Sources */,
				5FD2633929E56D8700C18E90 /* RecipesListPresenter.swift in Sources */,
				5FD2633B29E56DAB00C18E90 /* RecipesListRouter.swift in Sources */,
				5FD2632629E5602100C18E90 /* RecipesListViewController.swift in Sources */,
				5FD2632229E5602100C18E90 /* AppDelegate.swift in Sources */,
				5FD2633D29E56E0C00C18E90 /* RecipesListWorker.swift in Sources */,
				5FD2632429E5602100C18E90 /* SceneDelegate.swift in Sources */,
			);
			runOnlyForDeploymentPostprocessing = 0;
		};
/* End PBXSourcesBuildPhase section */

/* Begin PBXVariantGroup section */
		5FD2632C29E5602300C18E90 /* LaunchScreen.storyboard */ = {
			isa = PBXVariantGroup;
			children = (
				5FD2632D29E5602300C18E90 /* Base */,
			);
			name = LaunchScreen.storyboard;
			sourceTree = "<group>";
		};
/* End PBXVariantGroup section */

/* Begin XCBuildConfiguration section */
		5FD2633029E5602300C18E90 /* Debug */ = {
			isa = XCBuildConfiguration;
			buildSettings = {
				ALWAYS_SEARCH_USER_PATHS = NO;
				CLANG_ANALYZER_NONNULL = YES;
				CLANG_ANALYZER_NUMBER_OBJECT_CONVERSION = YES_AGGRESSIVE;
				CLANG_CXX_LANGUAGE_STANDARD = "gnu++20";
				CLANG_ENABLE_MODULES = YES;
				CLANG_ENABLE_OBJC_ARC = YES;
				CLANG_ENABLE_OBJC_WEAK = YES;
				CLANG_WARN_BLOCK_CAPTURE_AUTORELEASING = YES;
				CLANG_WARN_BOOL_CONVERSION = YES;
				CLANG_WARN_COMMA = YES;
				CLANG_WARN_CONSTANT_CONVERSION = YES;
				CLANG_WARN_DEPRECATED_OBJC_IMPLEMENTATIONS = YES;
				CLANG_WARN_DIRECT_OBJC_ISA_USAGE = YES_ERROR;
				CLANG_WARN_DOCUMENTATION_COMMENTS = YES;
				CLANG_WARN_EMPTY_BODY = YES;
				CLANG_WARN_ENUM_CONVERSION = YES;
				CLANG_WARN_INFINITE_RECURSION = YES;
				CLANG_WARN_INT_CONVERSION = YES;
				CLANG_WARN_NON_LITERAL_NULL_CONVERSION = YES;
				CLANG_WARN_OBJC_IMPLICIT_RETAIN_SELF = YES;
				CLANG_WARN_OBJC_LITERAL_CONVERSION = YES;
				CLANG_WARN_OBJC_ROOT_CLASS = YES_ERROR;
				CLANG_WARN_QUOTED_INCLUDE_IN_FRAMEWORK_HEADER = YES;
				CLANG_WARN_RANGE_LOOP_ANALYSIS = YES;
				CLANG_WARN_STRICT_PROTOTYPES = YES;
				CLANG_WARN_SUSPICIOUS_MOVE = YES;
				CLANG_WARN_UNGUARDED_AVAILABILITY = YES_AGGRESSIVE;
				CLANG_WARN_UNREACHABLE_CODE = YES;
				CLANG_WARN__DUPLICATE_METHOD_MATCH = YES;
				COPY_PHASE_STRIP = NO;
				DEBUG_INFORMATION_FORMAT = dwarf;
				ENABLE_STRICT_OBJC_MSGSEND = YES;
				ENABLE_TESTABILITY = YES;
				GCC_C_LANGUAGE_STANDARD = gnu11;
				GCC_DYNAMIC_NO_PIC = NO;
				GCC_NO_COMMON_BLOCKS = YES;
				GCC_OPTIMIZATION_LEVEL = 0;
				GCC_PREPROCESSOR_DEFINITIONS = (
					"DEBUG=1",
					"$(inherited)",
				);
				GCC_WARN_64_TO_32_BIT_CONVERSION = YES;
				GCC_WARN_ABOUT_RETURN_TYPE = YES_ERROR;
				GCC_WARN_UNDECLARED_SELECTOR = YES;
				GCC_WARN_UNINITIALIZED_AUTOS = YES_AGGRESSIVE;
				GCC_WARN_UNUSED_FUNCTION = YES;
				GCC_WARN_UNUSED_VARIABLE = YES;
				IPHONEOS_DEPLOYMENT_TARGET = 16.4;
				MTL_ENABLE_DEBUG_INFO = INCLUDE_SOURCE;
				MTL_FAST_MATH = YES;
				ONLY_ACTIVE_ARCH = YES;
				SDKROOT = iphoneos;
				SWIFT_ACTIVE_COMPILATION_CONDITIONS = DEBUG;
				SWIFT_OPTIMIZATION_LEVEL = "-Onone";
			};
			name = Debug;
		};
		5FD2633129E5602300C18E90 /* Release */ = {
			isa = XCBuildConfiguration;
			buildSettings = {
				ALWAYS_SEARCH_USER_PATHS = NO;
				CLANG_ANALYZER_NONNULL = YES;
				CLANG_ANALYZER_NUMBER_OBJECT_CONVERSION = YES_AGGRESSIVE;
				CLANG_CXX_LANGUAGE_STANDARD = "gnu++20";
				CLANG_ENABLE_MODULES = YES;
				CLANG_ENABLE_OBJC_ARC = YES;
				CLANG_ENABLE_OBJC_WEAK = YES;
				CLANG_WARN_BLOCK_CAPTURE_AUTORELEASING = YES;
				CLANG_WARN_BOOL_CONVERSION = YES;
				CLANG_WARN_COMMA = YES;
				CLANG_WARN_CONSTANT_CONVERSION = YES;
				CLANG_WARN_DEPRECATED_OBJC_IMPLEMENTATIONS = YES;
				CLANG_WARN_DIRECT_OBJC_ISA_USAGE = YES_ERROR;
				CLANG_WARN_DOCUMENTATION_COMMENTS = YES;
				CLANG_WARN_EMPTY_BODY = YES;
				CLANG_WARN_ENUM_CONVERSION = YES;
				CLANG_WARN_INFINITE_RECURSION = YES;
				CLANG_WARN_INT_CONVERSION = YES;
				CLANG_WARN_NON_LITERAL_NULL_CONVERSION = YES;
				CLANG_WARN_OBJC_IMPLICIT_RETAIN_SELF = YES;
				CLANG_WARN_OBJC_LITERAL_CONVERSION = YES;
				CLANG_WARN_OBJC_ROOT_CLASS = YES_ERROR;
				CLANG_WARN_QUOTED_INCLUDE_IN_FRAMEWORK_HEADER = YES;
				CLANG_WARN_RANGE_LOOP_ANALYSIS = YES;
				CLANG_WARN_STRICT_PROTOTYPES = YES;
				CLANG_WARN_SUSPICIOUS_MOVE = YES;
				CLANG_WARN_UNGUARDED_AVAILABILITY = YES_AGGRESSIVE;
				CLANG_WARN_UNREACHABLE_CODE = YES;
				CLANG_WARN__DUPLICATE_METHOD_MATCH = YES;
				COPY_PHASE_STRIP = NO;
				DEBUG_INFORMATION_FORMAT = "dwarf-with-dsym";
				ENABLE_NS_ASSERTIONS = NO;
				ENABLE_STRICT_OBJC_MSGSEND = YES;
				GCC_C_LANGUAGE_STANDARD = gnu11;
				GCC_NO_COMMON_BLOCKS = YES;
				GCC_WARN_64_TO_32_BIT_CONVERSION = YES;
				GCC_WARN_ABOUT_RETURN_TYPE = YES_ERROR;
				GCC_WARN_UNDECLARED_SELECTOR = YES;
				GCC_WARN_UNINITIALIZED_AUTOS = YES_AGGRESSIVE;
				GCC_WARN_UNUSED_FUNCTION = YES;
				GCC_WARN_UNUSED_VARIABLE = YES;
				IPHONEOS_DEPLOYMENT_TARGET = 16.4;
				MTL_ENABLE_DEBUG_INFO = NO;
				MTL_FAST_MATH = YES;
				SDKROOT = iphoneos;
				SWIFT_COMPILATION_MODE = wholemodule;
				SWIFT_OPTIMIZATION_LEVEL = "-O";
				VALIDATE_PRODUCT = YES;
			};
			name = Release;
		};
		5FD2633329E5602300C18E90 /* Debug */ = {
			isa = XCBuildConfiguration;
			buildSettings = {
				ASSETCATALOG_COMPILER_APPICON_NAME = AppIcon;
				ASSETCATALOG_COMPILER_GLOBAL_ACCENT_COLOR_NAME = AccentColor;
				CODE_SIGN_STYLE = Automatic;
				CURRENT_PROJECT_VERSION = 1;
				GENERATE_INFOPLIST_FILE = YES;
				INFOPLIST_FILE = CookingRecipes/Info.plist;
				INFOPLIST_KEY_UIApplicationSupportsIndirectInputEvents = YES;
				INFOPLIST_KEY_UILaunchStoryboardName = LaunchScreen;
				INFOPLIST_KEY_UISupportedInterfaceOrientations_iPad = "UIInterfaceOrientationPortrait UIInterfaceOrientationPortraitUpsideDown UIInterfaceOrientationLandscapeLeft UIInterfaceOrientationLandscapeRight";
				INFOPLIST_KEY_UISupportedInterfaceOrientations_iPhone = "UIInterfaceOrientationPortrait UIInterfaceOrientationLandscapeLeft UIInterfaceOrientationLandscapeRight";
				LD_RUNPATH_SEARCH_PATHS = (
					"$(inherited)",
					"@executable_path/Frameworks",
				);
				MARKETING_VERSION = 1.0;
				PRODUCT_BUNDLE_IDENTIFIER = DPS.CookingRecipes;
				PRODUCT_NAME = "$(TARGET_NAME)";
				SWIFT_EMIT_LOC_STRINGS = YES;
				SWIFT_VERSION = 5.0;
				TARGETED_DEVICE_FAMILY = "1,2";
			};
			name = Debug;
		};
		5FD2633429E5602300C18E90 /* Release */ = {
			isa = XCBuildConfiguration;
			buildSettings = {
				ASSETCATALOG_COMPILER_APPICON_NAME = AppIcon;
				ASSETCATALOG_COMPILER_GLOBAL_ACCENT_COLOR_NAME = AccentColor;
				CODE_SIGN_STYLE = Automatic;
				CURRENT_PROJECT_VERSION = 1;
				GENERATE_INFOPLIST_FILE = YES;
				INFOPLIST_FILE = CookingRecipes/Info.plist;
				INFOPLIST_KEY_UIApplicationSupportsIndirectInputEvents = YES;
				INFOPLIST_KEY_UILaunchStoryboardName = LaunchScreen;
				INFOPLIST_KEY_UISupportedInterfaceOrientations_iPad = "UIInterfaceOrientationPortrait UIInterfaceOrientationPortraitUpsideDown UIInterfaceOrientationLandscapeLeft UIInterfaceOrientationLandscapeRight";
				INFOPLIST_KEY_UISupportedInterfaceOrientations_iPhone = "UIInterfaceOrientationPortrait UIInterfaceOrientationLandscapeLeft UIInterfaceOrientationLandscapeRight";
				LD_RUNPATH_SEARCH_PATHS = (
					"$(inherited)",
					"@executable_path/Frameworks",
				);
				MARKETING_VERSION = 1.0;
				PRODUCT_BUNDLE_IDENTIFIER = DPS.CookingRecipes;
				PRODUCT_NAME = "$(TARGET_NAME)";
				SWIFT_EMIT_LOC_STRINGS = YES;
				SWIFT_VERSION = 5.0;
				TARGETED_DEVICE_FAMILY = "1,2";
			};
			name = Release;
		};
/* End XCBuildConfiguration section */

/* Begin XCConfigurationList section */
		5FD2631929E5602100C18E90 /* Build configuration list for PBXProject "CookingRecipes" */ = {
			isa = XCConfigurationList;
			buildConfigurations = (
				5FD2633029E5602300C18E90 /* Debug */,
				5FD2633129E5602300C18E90 /* Release */,
			);
			defaultConfigurationIsVisible = 0;
			defaultConfigurationName = Release;
		};
		5FD2633229E5602300C18E90 /* Build configuration list for PBXNativeTarget "CookingRecipes" */ = {
			isa = XCConfigurationList;
			buildConfigurations = (
				5FD2633329E5602300C18E90 /* Debug */,
				5FD2633429E5602300C18E90 /* Release */,
			);
			defaultConfigurationIsVisible = 0;
			defaultConfigurationName = Release;
		};
/* End XCConfigurationList section */
	};
	rootObject = 5FD2631629E5602100C18E90 /* Project object */;
}
